
Microsoft Visual Studio Solution File, Format Version 12.00
# Visual Studio 15
VisualStudioVersion = 15.0.26730.12
MinimumVisualStudioVersion = 10.0.40219.1
Project("{FAE04EC0-301F-11D3-BF4B-00C04F79EFBC}") = "Asg5-sxr178830", "Asg5-sxr178830\Asg5-sxr178830.csproj", "{3F204430-6B8D-4704-80B2-7274EEEFA92C}"
EndProject
Global
	GlobalSection(SolutionConfigurationPlatforms) = preSolution
		Debug|Any CPU = Debug|Any CPU
		Release|Any CPU = Release|Any CPU
	EndGlobalSection
	GlobalSection(ProjectConfigurationPlatforms) = postSolution
		{3F204430-6B8D-4704-80B2-7274EEEFA92C}.Debug|Any CPU.ActiveCfg = Debug|Any CPU
		{3F204430-6B8D-4704-80B2-7274EEEFA92C}.Debug|Any CPU.Build.0 = Debug|Any CPU
		{3F204430-6B8D-4704-80B2-7274EEEFA92C}.Release|Any CPU.ActiveCfg = Release|Any CPU
		{3F204430-6B8D-4704-80B2-7274EEEFA92C}.Release|Any CPU.Build.0 = Release|Any CPU
	EndGlobalSection
	GlobalSection(SolutionProperties) = preSolution
		HideSolutionNode = FALSE
	EndGlobalSection
	GlobalSection(ExtensibilityGlobals) = postSolution
		SolutionGuid = {C73A9FF1-38A6-40DF-9DF9-DC9539C15500}
	EndGlobalSection
EndGlobal
